
Microsoft Visual Studio Solution File, Format Version 12.00
# Visual Studio Version 16
VisualStudioVersion = 16.0.30611.23
MinimumVisualStudioVersion = 10.0.40219.1
Project("{FAE04EC0-301F-11D3-BF4B-00C04F79EFBC}") = "Hangman-game", "Hangman-game\Hangman-game.csproj", "{DD635C35-606B-489C-A4C5-B3CCB9943A82}"
EndProject
Global
	GlobalSection(SolutionConfigurationPlatforms) = preSolution
		Debug|Any CPU = Debug|Any CPU
		Release|Any CPU = Release|Any CPU
	EndGlobalSection
	GlobalSection(ProjectConfigurationPlatforms) = postSolution
		{DD635C35-606B-489C-A4C5-B3CCB9943A82}.Debug|Any CPU.ActiveCfg = Debug|Any CPU
		{DD635C35-606B-489C-A4C5-B3CCB9943A82}.Debug|Any CPU.Build.0 = Debug|Any CPU
		{DD635C35-606B-489C-A4C5-B3CCB9943A82}.Release|Any CPU.ActiveCfg = Release|Any CPU
		{DD635C35-606B-489C-A4C5-B3CCB9943A82}.Release|Any CPU.Build.0 = Release|Any CPU
	EndGlobalSection
	GlobalSection(SolutionProperties) = preSolution
		HideSolutionNode = FALSE
	EndGlobalSection
	GlobalSection(ExtensibilityGlobals) = postSolution
		SolutionGuid = {2A9DCCEC-91EC-4854-8FB4-49D5BDF69C20}
	EndGlobalSection
EndGlobal
